
Microsoft Visual Studio Solution File, Format Version 12.00
# Visual Studio 15
VisualStudioVersion = 15.0.27428.2037
MinimumVisualStudioVersion = 10.0.40219.1
Project("{2150E333-8FDC-42A3-9474-1A3956D46DE8}") = "01.实体模型", "01.实体模型", "{74835CF2-7690-47B2-8650-16487899F0D2}"
EndProject
Project("{2150E333-8FDC-42A3-9474-1A3956D46DE8}") = "02.数据访问处理", "02.数据访问处理", "{2F4C61E4-B828-4BFA-B857-62DFD5629821}"
EndProject
Project("{2150E333-8FDC-42A3-9474-1A3956D46DE8}") = "03.视图模型", "03.视图模型", "{CAADBE33-84C2-4652-8460-E9C1EBB53E4D}"
EndProject
Project("{2150E333-8FDC-42A3-9474-1A3956D46DE8}") = "04.API模型", "04.API模型", "{D3033009-8EDD-4F9D-BA6A-4D94A66AC691}"
EndProject
Project("{2150E333-8FDC-42A3-9474-1A3956D46DE8}") = "05.前端UI应用", "05.前端UI应用", "{04BB6582-C44F-4A37-BB55-A14F0B63E2FF}"
EndProject
Project("{2150E333-8FDC-42A3-9474-1A3956D46DE8}") = "06.前端API服务", "06.前端API服务", "{2CE6E4EC-0292-4527-82DA-2843B6473D41}"
EndProject
Project("{2150E333-8FDC-42A3-9474-1A3956D46DE8}") = "07.概念模型", "07.概念模型", "{42987FC9-C9F9-4795-BE83-142FD7CF7082}"
EndProject
Project("{2150E333-8FDC-42A3-9474-1A3956D46DE8}") = "08.测试", "08.测试", "{91732B7D-75F7-478A-B7AA-22EC84B57ED3}"
EndProject
Project("{9A19103F-16F7-4668-BE54-9A1E7A4F7556}") = "Dnc.Entities", "Dnc.Entities\Dnc.Entities.csproj", "{C7A64CB8-846B-47E1-8D65-08486D6B63C7}"
EndProject
Project("{9A19103F-16F7-4668-BE54-9A1E7A4F7556}") = "Dnc.DataAccessRepository", "Dnc.DataAccessRepository\Dnc.DataAccessRepository.csproj", "{474AEBB1-E6EA-4384-BA61-B289EB33343C}"
EndProject
Project("{9A19103F-16F7-4668-BE54-9A1E7A4F7556}") = "DNC.ViewModels", "DNC.ViewModels\DNC.ViewModels.csproj", "{798E5D0F-3CE2-4A9B-B53C-1D85D4E89680}"
EndProject
Project("{9A19103F-16F7-4668-BE54-9A1E7A4F7556}") = "Dnc.MvcApp", "Dnc.MvcApp\Dnc.MvcApp.csproj", "{9A495B47-356A-4AE4-9E64-AFD2330713C9}"
EndProject
Project("{9A19103F-16F7-4668-BE54-9A1E7A4F7556}") = "Dnc.ApiModel", "Dnc.ApiModel\Dnc.ApiModel.csproj", "{FB76768F-6CEC-4D23-BB73-E4832B4FDC45}"
EndProject
Project("{9A19103F-16F7-4668-BE54-9A1E7A4F7556}") = "Dnc.Services", "Dnc.Services\Dnc.Services.csproj", "{E8DB1DE8-0E4D-4095-A8EE-8C4875AB7F45}"
EndProject
Project("{F088123C-0E9E-452A-89E6-6BA2F21D5CAC}") = "YpModelingProject", "YpModelingProject\YpModelingProject.modelproj", "{E17DEA43-2B7F-42A2-8FD5-CB6CED9901AF}"
EndProject
Project("{262852C6-CD72-467D-83FE-5EEB1973A190}") = "CordovaApp", "CordovaApp\CordovaApp.jsproj", "{874C4915-9E40-4237-850F-FF3074235130}"
EndProject
Global
	GlobalSection(SolutionConfigurationPlatforms) = preSolution
		Debug|Android = Debug|Android
		Debug|Any CPU = Debug|Any CPU
		Debug|iOS = Debug|iOS
		Debug|Windows Phone (Universal) = Debug|Windows Phone (Universal)
		Debug|Windows Phone 8 = Debug|Windows Phone 8
		Debug|Windows-AnyCPU = Debug|Windows-AnyCPU
		Debug|Windows-ARM = Debug|Windows-ARM
		Debug|Windows-x64 = Debug|Windows-x64
		Debug|Windows-x86 = Debug|Windows-x86
		Release|Android = Release|Android
		Release|Any CPU = Release|Any CPU
		Release|iOS = Release|iOS
		Release|Windows Phone (Universal) = Release|Windows Phone (Universal)
		Release|Windows Phone 8 = Release|Windows Phone 8
		Release|Windows-AnyCPU = Release|Windows-AnyCPU
		Release|Windows-ARM = Release|Windows-ARM
		Release|Windows-x64 = Release|Windows-x64
		Release|Windows-x86 = Release|Windows-x86
	EndGlobalSection
	GlobalSection(ProjectConfigurationPlatforms) = postSolution
		{C7A64CB8-846B-47E1-8D65-08486D6B63C7}.Debug|Android.ActiveCfg = Debug|Any CPU
		{C7A64CB8-846B-47E1-8D65-08486D6B63C7}.Debug|Android.Build.0 = Debug|Any CPU
		{C7A64CB8-846B-47E1-8D65-08486D6B63C7}.Debug|Any CPU.ActiveCfg = Debug|Any CPU
		{C7A64CB8-846B-47E1-8D65-08486D6B63C7}.Debug|Any CPU.Build.0 = Debug|Any CPU
		{C7A64CB8-846B-47E1-8D65-08486D6B63C7}.Debug|iOS.ActiveCfg = Debug|Any CPU
		{C7A64CB8-846B-47E1-8D65-08486D6B63C7}.Debug|iOS.Build.0 = Debug|Any CPU
		{C7A64CB8-846B-47E1-8D65-08486D6B63C7}.Debug|Windows Phone (Universal).ActiveCfg = Debug|Any CPU
		{C7A64CB8-846B-47E1-8D65-08486D6B63C7}.Debug|Windows Phone (Universal).Build.0 = Debug|Any CPU
		{C7A64CB8-846B-47E1-8D65-08486D6B63C7}.Debug|Windows Phone 8.ActiveCfg = Debug|Any CPU
		{C7A64CB8-846B-47E1-8D65-08486D6B63C7}.Debug|Windows Phone 8.Build.0 = Debug|Any CPU
		{C7A64CB8-846B-47E1-8D65-08486D6B63C7}.Debug|Windows-AnyCPU.ActiveCfg = Debug|Any CPU
		{C7A64CB8-846B-47E1-8D65-08486D6B63C7}.Debug|Windows-AnyCPU.Build.0 = Debug|Any CPU
		{C7A64CB8-846B-47E1-8D65-08486D6B63C7}.Debug|Windows-ARM.ActiveCfg = Debug|Any CPU
		{C7A64CB8-846B-47E1-8D65-08486D6B63C7}.Debug|Windows-ARM.Build.0 = Debug|Any CPU
		{C7A64CB8-846B-47E1-8D65-08486D6B63C7}.Debug|Windows-x64.ActiveCfg = Debug|Any CPU
		{C7A64CB8-846B-47E1-8D65-08486D6B63C7}.Debug|Windows-x64.Build.0 = Debug|Any CPU
		{C7A64CB8-846B-47E1-8D65-08486D6B63C7}.Debug|Windows-x86.ActiveCfg = Debug|Any CPU
		{C7A64CB8-846B-47E1-8D65-08486D6B63C7}.Debug|Windows-x86.Build.0 = Debug|Any CPU
		{C7A64CB8-846B-47E1-8D65-08486D6B63C7}.Release|Android.ActiveCfg = Release|Any CPU
		{C7A64CB8-846B-47E1-8D65-08486D6B63C7}.Release|Android.Build.0 = Release|Any CPU
		{C7A64CB8-846B-47E1-8D65-08486D6B63C7}.Release|Any CPU.ActiveCfg = Release|Any CPU
		{C7A64CB8-846B-47E1-8D65-08486D6B63C7}.Release|Any CPU.Build.0 = Release|Any CPU
		{C7A64CB8-846B-47E1-8D65-08486D6B63C7}.Release|iOS.ActiveCfg = Release|Any CPU
		{C7A64CB8-846B-47E1-8D65-08486D6B63C7}.Release|iOS.Build.0 = Release|Any CPU
		{C7A64CB8-846B-47E1-8D65-08486D6B63C7}.Release|Windows Phone (Universal).ActiveCfg = Release|Any CPU
		{C7A64CB8-846B-47E1-8D65-08486D6B63C7}.Release|Windows Phone (Universal).Build.0 = Release|Any CPU
		{C7A64CB8-846B-47E1-8D65-08486D6B63C7}.Release|Windows Phone 8.ActiveCfg = Release|Any CPU
		{C7A64CB8-846B-47E1-8D65-08486D6B63C7}.Release|Windows Phone 8.Build.0 = Release|Any CPU
		{C7A64CB8-846B-47E1-8D65-08486D6B63C7}.Release|Windows-AnyCPU.ActiveCfg = Release|Any CPU
		{C7A64CB8-846B-47E1-8D65-08486D6B63C7}.Release|Windows-AnyCPU.Build.0 = Release|Any CPU
		{C7A64CB8-846B-47E1-8D65-08486D6B63C7}.Release|Windows-ARM.ActiveCfg = Release|Any CPU
		{C7A64CB8-846B-47E1-8D65-08486D6B63C7}.Release|Windows-ARM.Build.0 = Release|Any CPU
		{C7A64CB8-846B-47E1-8D65-08486D6B63C7}.Release|Windows-x64.ActiveCfg = Release|Any CPU
		{C7A64CB8-846B-47E1-8D65-08486D6B63C7}.Release|Windows-x64.Build.0 = Release|Any CPU
		{C7A64CB8-846B-47E1-8D65-08486D6B63C7}.Release|Windows-x86.ActiveCfg = Release|Any CPU
		{C7A64CB8-846B-47E1-8D65-08486D6B63C7}.Release|Windows-x86.Build.0 = Release|Any CPU
		{474AEBB1-E6EA-4384-BA61-B289EB33343C}.Debug|Android.ActiveCfg = Debug|Any CPU
		{474AEBB1-E6EA-4384-BA61-B289EB33343C}.Debug|Android.Build.0 = Debug|Any CPU
		{474AEBB1-E6EA-4384-BA61-B289EB33343C}.Debug|Any CPU.ActiveCfg = Debug|Any CPU
		{474AEBB1-E6EA-4384-BA61-B289EB33343C}.Debug|Any CPU.Build.0 = Debug|Any CPU
		{474AEBB1-E6EA-4384-BA61-B289EB33343C}.Debug|iOS.ActiveCfg = Debug|Any CPU
		{474AEBB1-E6EA-4384-BA61-B289EB33343C}.Debug|iOS.Build.0 = Debug|Any CPU
		{474AEBB1-E6EA-4384-BA61-B289EB33343C}.Debug|Windows Phone (Universal).ActiveCfg = Debug|Any CPU
		{474AEBB1-E6EA-4384-BA61-B289EB33343C}.Debug|Windows Phone (Universal).Build.0 = Debug|Any CPU
		{474AEBB1-E6EA-4384-BA61-B289EB33343C}.Debug|Windows Phone 8.ActiveCfg = Debug|Any CPU
		{474AEBB1-E6EA-4384-BA61-B289EB33343C}.Debug|Windows Phone 8.Build.0 = Debug|Any CPU
		{474AEBB1-E6EA-4384-BA61-B289EB33343C}.Debug|Windows-AnyCPU.ActiveCfg = Debug|Any CPU
		{474AEBB1-E6EA-4384-BA61-B289EB33343C}.Debug|Windows-AnyCPU.Build.0 = Debug|Any CPU
		{474AEBB1-E6EA-4384-BA61-B289EB33343C}.Debug|Windows-ARM.ActiveCfg = Debug|Any CPU
		{474AEBB1-E6EA-4384-BA61-B289EB33343C}.Debug|Windows-ARM.Build.0 = Debug|Any CPU
		{474AEBB1-E6EA-4384-BA61-B289EB33343C}.Debug|Windows-x64.ActiveCfg = Debug|Any CPU
		{474AEBB1-E6EA-4384-BA61-B289EB33343C}.Debug|Windows-x64.Build.0 = Debug|Any CPU
		{474AEBB1-E6EA-4384-BA61-B289EB33343C}.Debug|Windows-x86.ActiveCfg = Debug|Any CPU
		{474AEBB1-E6EA-4384-BA61-B289EB33343C}.Debug|Windows-x86.Build.0 = Debug|Any CPU
		{474AEBB1-E6EA-4384-BA61-B289EB33343C}.Release|Android.ActiveCfg = Release|Any CPU
		{474AEBB1-E6EA-4384-BA61-B289EB33343C}.Release|Android.Build.0 = Release|Any CPU
		{474AEBB1-E6EA-4384-BA61-B289EB33343C}.Release|Any CPU.ActiveCfg = Release|Any CPU
		{474AEBB1-E6EA-4384-BA61-B289EB33343C}.Release|Any CPU.Build.0 = Release|Any CPU
		{474AEBB1-E6EA-4384-BA61-B289EB33343C}.Release|iOS.ActiveCfg = Release|Any CPU
		{474AEBB1-E6EA-4384-BA61-B289EB33343C}.Release|iOS.Build.0 = Release|Any CPU
		{474AEBB1-E6EA-4384-BA61-B289EB33343C}.Release|Windows Phone (Universal).ActiveCfg = Release|Any CPU
		{474AEBB1-E6EA-4384-BA61-B289EB33343C}.Release|Windows Phone (Universal).Build.0 = Release|Any CPU
		{474AEBB1-E6EA-4384-BA61-B289EB33343C}.Release|Windows Phone 8.ActiveCfg = Release|Any CPU
		{474AEBB1-E6EA-4384-BA61-B289EB33343C}.Release|Windows Phone 8.Build.0 = Release|Any CPU
		{474AEBB1-E6EA-4384-BA61-B289EB33343C}.Release|Windows-AnyCPU.ActiveCfg = Release|Any CPU
		{474AEBB1-E6EA-4384-BA61-B289EB33343C}.Release|Windows-AnyCPU.Build.0 = Release|Any CPU
		{474AEBB1-E6EA-4384-BA61-B289EB33343C}.Release|Windows-ARM.ActiveCfg = Release|Any CPU
		{474AEBB1-E6EA-4384-BA61-B289EB33343C}.Release|Windows-ARM.Build.0 = Release|Any CPU
		{474AEBB1-E6EA-4384-BA61-B289EB33343C}.Release|Windows-x64.ActiveCfg = Release|Any CPU
		{474AEBB1-E6EA-4384-BA61-B289EB33343C}.Release|Windows-x64.Build.0 = Release|Any CPU
		{474AEBB1-E6EA-4384-BA61-B289EB33343C}.Release|Windows-x86.ActiveCfg = Release|Any CPU
		{474AEBB1-E6EA-4384-BA61-B289EB33343C}.Release|Windows-x86.Build.0 = Release|Any CPU
		{798E5D0F-3CE2-4A9B-B53C-1D85D4E89680}.Debug|Android.ActiveCfg = Debug|Any CPU
		{798E5D0F-3CE2-4A9B-B53C-1D85D4E89680}.Debug|Android.Build.0 = Debug|Any CPU
		{798E5D0F-3CE2-4A9B-B53C-1D85D4E89680}.Debug|Any CPU.ActiveCfg = Debug|Any CPU
		{798E5D0F-3CE2-4A9B-B53C-1D85D4E89680}.Debug|Any CPU.Build.0 = Debug|Any CPU
		{798E5D0F-3CE2-4A9B-B53C-1D85D4E89680}.Debug|iOS.ActiveCfg = Debug|Any CPU
		{798E5D0F-3CE2-4A9B-B53C-1D85D4E89680}.Debug|iOS.Build.0 = Debug|Any CPU
		{798E5D0F-3CE2-4A9B-B53C-1D85D4E89680}.Debug|Windows Phone (Universal).ActiveCfg = Debug|Any CPU
		{798E5D0F-3CE2-4A9B-B53C-1D85D4E89680}.Debug|Windows Phone (Universal).Build.0 = Debug|Any CPU
		{798E5D0F-3CE2-4A9B-B53C-1D85D4E89680}.Debug|Windows Phone 8.ActiveCfg = Debug|Any CPU
		{798E5D0F-3CE2-4A9B-B53C-1D85D4E89680}.Debug|Windows Phone 8.Build.0 = Debug|Any CPU
		{798E5D0F-3CE2-4A9B-B53C-1D85D4E89680}.Debug|Windows-AnyCPU.ActiveCfg = Debug|Any CPU
		{798E5D0F-3CE2-4A9B-B53C-1D85D4E89680}.Debug|Windows-AnyCPU.Build.0 = Debug|Any CPU
		{798E5D0F-3CE2-4A9B-B53C-1D85D4E89680}.Debug|Windows-ARM.ActiveCfg = Debug|Any CPU
		{798E5D0F-3CE2-4A9B-B53C-1D85D4E89680}.Debug|Windows-ARM.Build.0 = Debug|Any CPU
		{798E5D0F-3CE2-4A9B-B53C-1D85D4E89680}.Debug|Windows-x64.ActiveCfg = Debug|Any CPU
		{798E5D0F-3CE2-4A9B-B53C-1D85D4E89680}.Debug|Windows-x64.Build.0 = Debug|Any CPU
		{798E5D0F-3CE2-4A9B-B53C-1D85D4E89680}.Debug|Windows-x86.ActiveCfg = Debug|Any CPU
		{798E5D0F-3CE2-4A9B-B53C-1D85D4E89680}.Debug|Windows-x86.Build.0 = Debug|Any CPU
		{798E5D0F-3CE2-4A9B-B53C-1D85D4E89680}.Release|Android.ActiveCfg = Release|Any CPU
		{798E5D0F-3CE2-4A9B-B53C-1D85D4E89680}.Release|Android.Build.0 = Release|Any CPU
		{798E5D0F-3CE2-4A9B-B53C-1D85D4E89680}.Release|Any CPU.ActiveCfg = Release|Any CPU
		{798E5D0F-3CE2-4A9B-B53C-1D85D4E89680}.Release|Any CPU.Build.0 = Release|Any CPU
		{798E5D0F-3CE2-4A9B-B53C-1D85D4E89680}.Release|iOS.ActiveCfg = Release|Any CPU
		{798E5D0F-3CE2-4A9B-B53C-1D85D4E89680}.Release|iOS.Build.0 = Release|Any CPU
		{798E5D0F-3CE2-4A9B-B53C-1D85D4E89680}.Release|Windows Phone (Universal).ActiveCfg = Release|Any CPU
		{798E5D0F-3CE2-4A9B-B53C-1D85D4E89680}.Release|Windows Phone (Universal).Build.0 = Release|Any CPU
		{798E5D0F-3CE2-4A9B-B53C-1D85D4E89680}.Release|Windows Phone 8.ActiveCfg = Release|Any CPU
		{798E5D0F-3CE2-4A9B-B53C-1D85D4E89680}.Release|Windows Phone 8.Build.0 = Release|Any CPU
		{798E5D0F-3CE2-4A9B-B53C-1D85D4E89680}.Release|Windows-AnyCPU.ActiveCfg = Release|Any CPU
		{798E5D0F-3CE2-4A9B-B53C-1D85D4E89680}.Release|Windows-AnyCPU.Build.0 = Release|Any CPU
		{798E5D0F-3CE2-4A9B-B53C-1D85D4E89680}.Release|Windows-ARM.ActiveCfg = Release|Any CPU
		{798E5D0F-3CE2-4A9B-B53C-1D85D4E89680}.Release|Windows-ARM.Build.0 = Release|Any CPU
		{798E5D0F-3CE2-4A9B-B53C-1D85D4E89680}.Release|Windows-x64.ActiveCfg = Release|Any CPU
		{798E5D0F-3CE2-4A9B-B53C-1D85D4E89680}.Release|Windows-x64.Build.0 = Release|Any CPU
		{798E5D0F-3CE2-4A9B-B53C-1D85D4E89680}.Release|Windows-x86.ActiveCfg = Release|Any CPU
		{798E5D0F-3CE2-4A9B-B53C-1D85D4E89680}.Release|Windows-x86.Build.0 = Release|Any CPU
		{9A495B47-356A-4AE4-9E64-AFD2330713C9}.Debug|Android.ActiveCfg = Debug|Any CPU
		{9A495B47-356A-4AE4-9E64-AFD2330713C9}.Debug|Android.Build.0 = Debug|Any CPU
		{9A495B47-356A-4AE4-9E64-AFD2330713C9}.Debug|Any CPU.ActiveCfg = Debug|Any CPU
		{9A495B47-356A-4AE4-9E64-AFD2330713C9}.Debug|Any CPU.Build.0 = Debug|Any CPU
		{9A495B47-356A-4AE4-9E64-AFD2330713C9}.Debug|iOS.ActiveCfg = Debug|Any CPU
		{9A495B47-356A-4AE4-9E64-AFD2330713C9}.Debug|iOS.Build.0 = Debug|Any CPU
		{9A495B47-356A-4AE4-9E64-AFD2330713C9}.Debug|Windows Phone (Universal).ActiveCfg = Debug|Any CPU
		{9A495B47-356A-4AE4-9E64-AFD2330713C9}.Debug|Windows Phone (Universal).Build.0 = Debug|Any CPU
		{9A495B47-356A-4AE4-9E64-AFD2330713C9}.Debug|Windows Phone 8.ActiveCfg = Debug|Any CPU
		{9A495B47-356A-4AE4-9E64-AFD2330713C9}.Debug|Windows Phone 8.Build.0 = Debug|Any CPU
		{9A495B47-356A-4AE4-9E64-AFD2330713C9}.Debug|Windows-AnyCPU.ActiveCfg = Debug|Any CPU
		{9A495B47-356A-4AE4-9E64-AFD2330713C9}.Debug|Windows-AnyCPU.Build.0 = Debug|Any CPU
		{9A495B47-356A-4AE4-9E64-AFD2330713C9}.Debug|Windows-ARM.ActiveCfg = Debug|Any CPU
		{9A495B47-356A-4AE4-9E64-AFD2330713C9}.Debug|Windows-ARM.Build.0 = Debug|Any CPU
		{9A495B47-356A-4AE4-9E64-AFD2330713C9}.Debug|Windows-x64.ActiveCfg = Debug|Any CPU
		{9A495B47-356A-4AE4-9E64-AFD2330713C9}.Debug|Windows-x64.Build.0 = Debug|Any CPU
		{9A495B47-356A-4AE4-9E64-AFD2330713C9}.Debug|Windows-x86.ActiveCfg = Debug|Any CPU
		{9A495B47-356A-4AE4-9E64-AFD2330713C9}.Debug|Windows-x86.Build.0 = Debug|Any CPU
		{9A495B47-356A-4AE4-9E64-AFD2330713C9}.Release|Android.ActiveCfg = Release|Any CPU
		{9A495B47-356A-4AE4-9E64-AFD2330713C9}.Release|Android.Build.0 = Release|Any CPU
		{9A495B47-356A-4AE4-9E64-AFD2330713C9}.Release|Any CPU.ActiveCfg = Release|Any CPU
		{9A495B47-356A-4AE4-9E64-AFD2330713C9}.Release|Any CPU.Build.0 = Release|Any CPU
		{9A495B47-356A-4AE4-9E64-AFD2330713C9}.Release|iOS.ActiveCfg = Release|Any CPU
		{9A495B47-356A-4AE4-9E64-AFD2330713C9}.Release|iOS.Build.0 = Release|Any CPU
		{9A495B47-356A-4AE4-9E64-AFD2330713C9}.Release|Windows Phone (Universal).ActiveCfg = Release|Any CPU
		{9A495B47-356A-4AE4-9E64-AFD2330713C9}.Release|Windows Phone (Universal).Build.0 = Release|Any CPU
		{9A495B47-356A-4AE4-9E64-AFD2330713C9}.Release|Windows Phone 8.ActiveCfg = Release|Any CPU
		{9A495B47-356A-4AE4-9E64-AFD2330713C9}.Release|Windows Phone 8.Build.0 = Release|Any CPU
		{9A495B47-356A-4AE4-9E64-AFD2330713C9}.Release|Windows-AnyCPU.ActiveCfg = Release|Any CPU
		{9A495B47-356A-4AE4-9E64-AFD2330713C9}.Release|Windows-AnyCPU.Build.0 = Release|Any CPU
		{9A495B47-356A-4AE4-9E64-AFD2330713C9}.Release|Windows-ARM.ActiveCfg = Release|Any CPU
		{9A495B47-356A-4AE4-9E64-AFD2330713C9}.Release|Windows-ARM.Build.0 = Release|Any CPU
		{9A495B47-356A-4AE4-9E64-AFD2330713C9}.Release|Windows-x64.ActiveCfg = Release|Any CPU
		{9A495B47-356A-4AE4-9E64-AFD2330713C9}.Release|Windows-x64.Build.0 = Release|Any CPU
		{9A495B47-356A-4AE4-9E64-AFD2330713C9}.Release|Windows-x86.ActiveCfg = Release|Any CPU
		{9A495B47-356A-4AE4-9E64-AFD2330713C9}.Release|Windows-x86.Build.0 = Release|Any CPU
		{FB76768F-6CEC-4D23-BB73-E4832B4FDC45}.Debug|Android.ActiveCfg = Debug|Any CPU
		{FB76768F-6CEC-4D23-BB73-E4832B4FDC45}.Debug|Android.Build.0 = Debug|Any CPU
		{FB76768F-6CEC-4D23-BB73-E4832B4FDC45}.Debug|Any CPU.ActiveCfg = Debug|Any CPU
		{FB76768F-6CEC-4D23-BB73-E4832B4FDC45}.Debug|Any CPU.Build.0 = Debug|Any CPU
		{FB76768F-6CEC-4D23-BB73-E4832B4FDC45}.Debug|iOS.ActiveCfg = Debug|Any CPU
		{FB76768F-6CEC-4D23-BB73-E4832B4FDC45}.Debug|iOS.Build.0 = Debug|Any CPU
		{FB76768F-6CEC-4D23-BB73-E4832B4FDC45}.Debug|Windows Phone (Universal).ActiveCfg = Debug|Any CPU
		{FB76768F-6CEC-4D23-BB73-E4832B4FDC45}.Debug|Windows Phone (Universal).Build.0 = Debug|Any CPU
		{FB76768F-6CEC-4D23-BB73-E4832B4FDC45}.Debug|Windows Phone 8.ActiveCfg = Debug|Any CPU
		{FB76768F-6CEC-4D23-BB73-E4832B4FDC45}.Debug|Windows Phone 8.Build.0 = Debug|Any CPU
		{FB76768F-6CEC-4D23-BB73-E4832B4FDC45}.Debug|Windows-AnyCPU.ActiveCfg = Debug|Any CPU
		{FB76768F-6CEC-4D23-BB73-E4832B4FDC45}.Debug|Windows-AnyCPU.Build.0 = Debug|Any CPU
		{FB76768F-6CEC-4D23-BB73-E4832B4FDC45}.Debug|Windows-ARM.ActiveCfg = Debug|Any CPU
		{FB76768F-6CEC-4D23-BB73-E4832B4FDC45}.Debug|Windows-ARM.Build.0 = Debug|Any CPU
		{FB76768F-6CEC-4D23-BB73-E4832B4FDC45}.Debug|Windows-x64.ActiveCfg = Debug|Any CPU
		{FB76768F-6CEC-4D23-BB73-E4832B4FDC45}.Debug|Windows-x64.Build.0 = Debug|Any CPU
		{FB76768F-6CEC-4D23-BB73-E4832B4FDC45}.Debug|Windows-x86.ActiveCfg = Debug|Any CPU
		{FB76768F-6CEC-4D23-BB73-E4832B4FDC45}.Debug|Windows-x86.Build.0 = Debug|Any CPU
		{FB76768F-6CEC-4D23-BB73-E4832B4FDC45}.Release|Android.ActiveCfg = Release|Any CPU
		{FB76768F-6CEC-4D23-BB73-E4832B4FDC45}.Release|Android.Build.0 = Release|Any CPU
		{FB76768F-6CEC-4D23-BB73-E4832B4FDC45}.Release|Any CPU.ActiveCfg = Release|Any CPU
		{FB76768F-6CEC-4D23-BB73-E4832B4FDC45}.Release|Any CPU.Build.0 = Release|Any CPU
		{FB76768F-6CEC-4D23-BB73-E4832B4FDC45}.Release|iOS.ActiveCfg = Release|Any CPU
		{FB76768F-6CEC-4D23-BB73-E4832B4FDC45}.Release|iOS.Build.0 = Release|Any CPU
		{FB76768F-6CEC-4D23-BB73-E4832B4FDC45}.Release|Windows Phone (Universal).ActiveCfg = Release|Any CPU
		{FB76768F-6CEC-4D23-BB73-E4832B4FDC45}.Release|Windows Phone (Universal).Build.0 = Release|Any CPU
		{FB76768F-6CEC-4D23-BB73-E4832B4FDC45}.Release|Windows Phone 8.ActiveCfg = Release|Any CPU
		{FB76768F-6CEC-4D23-BB73-E4832B4FDC45}.Release|Windows Phone 8.Build.0 = Release|Any CPU
		{FB76768F-6CEC-4D23-BB73-E4832B4FDC45}.Release|Windows-AnyCPU.ActiveCfg = Release|Any CPU
		{FB76768F-6CEC-4D23-BB73-E4832B4FDC45}.Release|Windows-AnyCPU.Build.0 = Release|Any CPU
		{FB76768F-6CEC-4D23-BB73-E4832B4FDC45}.Release|Windows-ARM.ActiveCfg = Release|Any CPU
		{FB76768F-6CEC-4D23-BB73-E4832B4FDC45}.Release|Windows-ARM.Build.0 = Release|Any CPU
		{FB76768F-6CEC-4D23-BB73-E4832B4FDC45}.Release|Windows-x64.ActiveCfg = Release|Any CPU
		{FB76768F-6CEC-4D23-BB73-E4832B4FDC45}.Release|Windows-x64.Build.0 = Release|Any CPU
		{FB76768F-6CEC-4D23-BB73-E4832B4FDC45}.Release|Windows-x86.ActiveCfg = Release|Any CPU
		{FB76768F-6CEC-4D23-BB73-E4832B4FDC45}.Release|Windows-x86.Build.0 = Release|Any CPU
		{E8DB1DE8-0E4D-4095-A8EE-8C4875AB7F45}.Debug|Android.ActiveCfg = Debug|Any CPU
		{E8DB1DE8-0E4D-4095-A8EE-8C4875AB7F45}.Debug|Android.Build.0 = Debug|Any CPU
		{E8DB1DE8-0E4D-4095-A8EE-8C4875AB7F45}.Debug|Any CPU.ActiveCfg = Debug|Any CPU
		{E8DB1DE8-0E4D-4095-A8EE-8C4875AB7F45}.Debug|Any CPU.Build.0 = Debug|Any CPU
		{E8DB1DE8-0E4D-4095-A8EE-8C4875AB7F45}.Debug|iOS.ActiveCfg = Debug|Any CPU
		{E8DB1DE8-0E4D-4095-A8EE-8C4875AB7F45}.Debug|iOS.Build.0 = Debug|Any CPU
		{E8DB1DE8-0E4D-4095-A8EE-8C4875AB7F45}.Debug|Windows Phone (Universal).ActiveCfg = Debug|Any CPU
		{E8DB1DE8-0E4D-4095-A8EE-8C4875AB7F45}.Debug|Windows Phone (Universal).Build.0 = Debug|Any CPU
		{E8DB1DE8-0E4D-4095-A8EE-8C4875AB7F45}.Debug|Windows Phone 8.ActiveCfg = Debug|Any CPU
		{E8DB1DE8-0E4D-4095-A8EE-8C4875AB7F45}.Debug|Windows Phone 8.Build.0 = Debug|Any CPU
		{E8DB1DE8-0E4D-4095-A8EE-8C4875AB7F45}.Debug|Windows-AnyCPU.ActiveCfg = Debug|Any CPU
		{E8DB1DE8-0E4D-4095-A8EE-8C4875AB7F45}.Debug|Windows-AnyCPU.Build.0 = Debug|Any CPU
		{E8DB1DE8-0E4D-4095-A8EE-8C4875AB7F45}.Debug|Windows-ARM.ActiveCfg = Debug|Any CPU
		{E8DB1DE8-0E4D-4095-A8EE-8C4875AB7F45}.Debug|Windows-ARM.Build.0 = Debug|Any CPU
		{E8DB1DE8-0E4D-4095-A8EE-8C4875AB7F45}.Debug|Windows-x64.ActiveCfg = Debug|Any CPU
		{E8DB1DE8-0E4D-4095-A8EE-8C4875AB7F45}.Debug|Windows-x64.Build.0 = Debug|Any CPU
		{E8DB1DE8-0E4D-4095-A8EE-8C4875AB7F45}.Debug|Windows-x86.ActiveCfg = Debug|Any CPU
		{E8DB1DE8-0E4D-4095-A8EE-8C4875AB7F45}.Debug|Windows-x86.Build.0 = Debug|Any CPU
		{E8DB1DE8-0E4D-4095-A8EE-8C4875AB7F45}.Release|Android.ActiveCfg = Release|Any CPU
		{E8DB1DE8-0E4D-4095-A8EE-8C4875AB7F45}.Release|Android.Build.0 = Release|Any CPU
		{E8DB1DE8-0E4D-4095-A8EE-8C4875AB7F45}.Release|Any CPU.ActiveCfg = Release|Any CPU
		{E8DB1DE8-0E4D-4095-A8EE-8C4875AB7F45}.Release|Any CPU.Build.0 = Release|Any CPU
		{E8DB1DE8-0E4D-4095-A8EE-8C4875AB7F45}.Release|iOS.ActiveCfg = Release|Any CPU
		{E8DB1DE8-0E4D-4095-A8EE-8C4875AB7F45}.Release|iOS.Build.0 = Release|Any CPU
		{E8DB1DE8-0E4D-4095-A8EE-8C4875AB7F45}.Release|Windows Phone (Universal).ActiveCfg = Release|Any CPU
		{E8DB1DE8-0E4D-4095-A8EE-8C4875AB7F45}.Release|Windows Phone (Universal).Build.0 = Release|Any CPU
		{E8DB1DE8-0E4D-4095-A8EE-8C4875AB7F45}.Release|Windows Phone 8.ActiveCfg = Release|Any CPU
		{E8DB1DE8-0E4D-4095-A8EE-8C4875AB7F45}.Release|Windows Phone 8.Build.0 = Release|Any CPU
		{E8DB1DE8-0E4D-4095-A8EE-8C4875AB7F45}.Release|Windows-AnyCPU.ActiveCfg = Release|Any CPU
		{E8DB1DE8-0E4D-4095-A8EE-8C4875AB7F45}.Release|Windows-AnyCPU.Build.0 = Release|Any CPU
		{E8DB1DE8-0E4D-4095-A8EE-8C4875AB7F45}.Release|Windows-ARM.ActiveCfg = Release|Any CPU
		{E8DB1DE8-0E4D-4095-A8EE-8C4875AB7F45}.Release|Windows-ARM.Build.0 = Release|Any CPU
		{E8DB1DE8-0E4D-4095-A8EE-8C4875AB7F45}.Release|Windows-x64.ActiveCfg = Release|Any CPU
		{E8DB1DE8-0E4D-4095-A8EE-8C4875AB7F45}.Release|Windows-x64.Build.0 = Release|Any CPU
		{E8DB1DE8-0E4D-4095-A8EE-8C4875AB7F45}.Release|Windows-x86.ActiveCfg = Release|Any CPU
		{E8DB1DE8-0E4D-4095-A8EE-8C4875AB7F45}.Release|Windows-x86.Build.0 = Release|Any CPU
		{E17DEA43-2B7F-42A2-8FD5-CB6CED9901AF}.Debug|Android.ActiveCfg = Debug|Any CPU
		{E17DEA43-2B7F-42A2-8FD5-CB6CED9901AF}.Debug|Android.Build.0 = Debug|Any CPU
		{E17DEA43-2B7F-42A2-8FD5-CB6CED9901AF}.Debug|Any CPU.ActiveCfg = Debug|Any CPU
		{E17DEA43-2B7F-42A2-8FD5-CB6CED9901AF}.Debug|Any CPU.Build.0 = Debug|Any CPU
		{E17DEA43-2B7F-42A2-8FD5-CB6CED9901AF}.Debug|iOS.ActiveCfg = Debug|Any CPU
		{E17DEA43-2B7F-42A2-8FD5-CB6CED9901AF}.Debug|iOS.Build.0 = Debug|Any CPU
		{E17DEA43-2B7F-42A2-8FD5-CB6CED9901AF}.Debug|Windows Phone (Universal).ActiveCfg = Debug|Any CPU
		{E17DEA43-2B7F-42A2-8FD5-CB6CED9901AF}.Debug|Windows Phone (Universal).Build.0 = Debug|Any CPU
		{E17DEA43-2B7F-42A2-8FD5-CB6CED9901AF}.Debug|Windows Phone 8.ActiveCfg = Debug|Any CPU
		{E17DEA43-2B7F-42A2-8FD5-CB6CED9901AF}.Debug|Windows Phone 8.Build.0 = Debug|Any CPU
		{E17DEA43-2B7F-42A2-8FD5-CB6CED9901AF}.Debug|Windows-AnyCPU.ActiveCfg = Debug|Any CPU
		{E17DEA43-2B7F-42A2-8FD5-CB6CED9901AF}.Debug|Windows-AnyCPU.Build.0 = Debug|Any CPU
		{E17DEA43-2B7F-42A2-8FD5-CB6CED9901AF}.Debug|Windows-ARM.ActiveCfg = Debug|Any CPU
		{E17DEA43-2B7F-42A2-8FD5-CB6CED9901AF}.Debug|Windows-ARM.Build.0 = Debug|Any CPU
		{E17DEA43-2B7F-42A2-8FD5-CB6CED9901AF}.Debug|Windows-x64.ActiveCfg = Debug|Any CPU
		{E17DEA43-2B7F-42A2-8FD5-CB6CED9901AF}.Debug|Windows-x64.Build.0 = Debug|Any CPU
		{E17DEA43-2B7F-42A2-8FD5-CB6CED9901AF}.Debug|Windows-x86.ActiveCfg = Debug|Any CPU
		{E17DEA43-2B7F-42A2-8FD5-CB6CED9901AF}.Debug|Windows-x86.Build.0 = Debug|Any CPU
		{E17DEA43-2B7F-42A2-8FD5-CB6CED9901AF}.Release|Android.ActiveCfg = Release|Any CPU
		{E17DEA43-2B7F-42A2-8FD5-CB6CED9901AF}.Release|Android.Build.0 = Release|Any CPU
		{E17DEA43-2B7F-42A2-8FD5-CB6CED9901AF}.Release|Any CPU.ActiveCfg = Release|Any CPU
		{E17DEA43-2B7F-42A2-8FD5-CB6CED9901AF}.Release|Any CPU.Build.0 = Release|Any CPU
		{E17DEA43-2B7F-42A2-8FD5-CB6CED9901AF}.Release|iOS.ActiveCfg = Release|Any CPU
		{E17DEA43-2B7F-42A2-8FD5-CB6CED9901AF}.Release|iOS.Build.0 = Release|Any CPU
		{E17DEA43-2B7F-42A2-8FD5-CB6CED9901AF}.Release|Windows Phone (Universal).ActiveCfg = Release|Any CPU
		{E17DEA43-2B7F-42A2-8FD5-CB6CED9901AF}.Release|Windows Phone (Universal).Build.0 = Release|Any CPU
		{E17DEA43-2B7F-42A2-8FD5-CB6CED9901AF}.Release|Windows Phone 8.ActiveCfg = Release|Any CPU
		{E17DEA43-2B7F-42A2-8FD5-CB6CED9901AF}.Release|Windows Phone 8.Build.0 = Release|Any CPU
		{E17DEA43-2B7F-42A2-8FD5-CB6CED9901AF}.Release|Windows-AnyCPU.ActiveCfg = Release|Any CPU
		{E17DEA43-2B7F-42A2-8FD5-CB6CED9901AF}.Release|Windows-AnyCPU.Build.0 = Release|Any CPU
		{E17DEA43-2B7F-42A2-8FD5-CB6CED9901AF}.Release|Windows-ARM.ActiveCfg = Release|Any CPU
		{E17DEA43-2B7F-42A2-8FD5-CB6CED9901AF}.Release|Windows-ARM.Build.0 = Release|Any CPU
		{E17DEA43-2B7F-42A2-8FD5-CB6CED9901AF}.Release|Windows-x64.ActiveCfg = Release|Any CPU
		{E17DEA43-2B7F-42A2-8FD5-CB6CED9901AF}.Release|Windows-x64.Build.0 = Release|Any CPU
		{E17DEA43-2B7F-42A2-8FD5-CB6CED9901AF}.Release|Windows-x86.ActiveCfg = Release|Any CPU
		{E17DEA43-2B7F-42A2-8FD5-CB6CED9901AF}.Release|Windows-x86.Build.0 = Release|Any CPU
		{874C4915-9E40-4237-850F-FF3074235130}.Debug|Android.ActiveCfg = Debug|Android
		{874C4915-9E40-4237-850F-FF3074235130}.Debug|Android.Build.0 = Debug|Android
		{874C4915-9E40-4237-850F-FF3074235130}.Debug|Android.Deploy.0 = Debug|Android
		{874C4915-9E40-4237-850F-FF3074235130}.Debug|Any CPU.ActiveCfg = Debug|Android
		{874C4915-9E40-4237-850F-FF3074235130}.Debug|iOS.ActiveCfg = Debug|iOS
		{874C4915-9E40-4237-850F-FF3074235130}.Debug|iOS.Build.0 = Debug|iOS
		{874C4915-9E40-4237-850F-FF3074235130}.Debug|iOS.Deploy.0 = Debug|iOS
		{874C4915-9E40-4237-850F-FF3074235130}.Debug|Windows Phone (Universal).ActiveCfg = Debug|Windows Phone (Universal)
		{874C4915-9E40-4237-850F-FF3074235130}.Debug|Windows Phone (Universal).Build.0 = Debug|Windows Phone (Universal)
		{874C4915-9E40-4237-850F-FF3074235130}.Debug|Windows Phone (Universal).Deploy.0 = Debug|Windows Phone (Universal)
		{874C4915-9E40-4237-850F-FF3074235130}.Debug|Windows Phone 8.ActiveCfg = Debug|Windows Phone 8
		{874C4915-9E40-4237-850F-FF3074235130}.Debug|Windows Phone 8.Build.0 = Debug|Windows Phone 8
		{874C4915-9E40-4237-850F-FF3074235130}.Debug|Windows Phone 8.Deploy.0 = Debug|Windows Phone 8
		{874C4915-9E40-4237-850F-FF3074235130}.Debug|Windows-AnyCPU.ActiveCfg = Debug|Windows-AnyCPU
		{874C4915-9E40-4237-850F-FF3074235130}.Debug|Windows-AnyCPU.Build.0 = Debug|Windows-AnyCPU
		{874C4915-9E40-4237-850F-FF3074235130}.Debug|Windows-AnyCPU.Deploy.0 = Debug|Windows-AnyCPU
		{874C4915-9E40-4237-850F-FF3074235130}.Debug|Windows-ARM.ActiveCfg = Debug|Windows-ARM
		{874C4915-9E40-4237-850F-FF3074235130}.Debug|Windows-ARM.Build.0 = Debug|Windows-ARM
		{874C4915-9E40-4237-850F-FF3074235130}.Debug|Windows-ARM.Deploy.0 = Debug|Windows-ARM
		{874C4915-9E40-4237-850F-FF3074235130}.Debug|Windows-x64.ActiveCfg = Debug|Windows-x64
		{874C4915-9E40-4237-850F-FF3074235130}.Debug|Windows-x64.Build.0 = Debug|Windows-x64
		{874C4915-9E40-4237-850F-FF3074235130}.Debug|Windows-x64.Deploy.0 = Debug|Windows-x64
		{874C4915-9E40-4237-850F-FF3074235130}.Debug|Windows-x86.ActiveCfg = Debug|Windows-x86
		{874C4915-9E40-4237-850F-FF3074235130}.Debug|Windows-x86.Build.0 = Debug|Windows-x86
		{874C4915-9E40-4237-850F-FF3074235130}.Debug|Windows-x86.Deploy.0 = Debug|Windows-x86
		{874C4915-9E40-4237-850F-FF3074235130}.Release|Android.ActiveCfg = Release|Android
		{874C4915-9E40-4237-850F-FF3074235130}.Release|Android.Build.0 = Release|Android
		{874C4915-9E40-4237-850F-FF3074235130}.Release|Android.Deploy.0 = Release|Android
		{874C4915-9E40-4237-850F-FF3074235130}.Release|Any CPU.ActiveCfg = Release|Android
		{874C4915-9E40-4237-850F-FF3074235130}.Release|iOS.ActiveCfg = Release|iOS
		{874C4915-9E40-4237-850F-FF3074235130}.Release|iOS.Build.0 = Release|iOS
		{874C4915-9E40-4237-850F-FF3074235130}.Release|iOS.Deploy.0 = Release|iOS
		{874C4915-9E40-4237-850F-FF3074235130}.Release|Windows Phone (Universal).ActiveCfg = Release|Windows Phone (Universal)
		{874C4915-9E40-4237-850F-FF3074235130}.Release|Windows Phone (Universal).Build.0 = Release|Windows Phone (Universal)
		{874C4915-9E40-4237-850F-FF3074235130}.Release|Windows Phone (Universal).Deploy.0 = Release|Windows Phone (Universal)
		{874C4915-9E40-4237-850F-FF3074235130}.Release|Windows Phone 8.ActiveCfg = Release|Windows Phone 8
		{874C4915-9E40-4237-850F-FF3074235130}.Release|Windows Phone 8.Build.0 = Release|Windows Phone 8
		{874C4915-9E40-4237-850F-FF3074235130}.Release|Windows Phone 8.Deploy.0 = Release|Windows Phone 8
		{874C4915-9E40-4237-850F-FF3074235130}.Release|Windows-AnyCPU.ActiveCfg = Release|Windows-AnyCPU
		{874C4915-9E40-4237-850F-FF3074235130}.Release|Windows-AnyCPU.Build.0 = Release|Windows-AnyCPU
		{874C4915-9E40-4237-850F-FF3074235130}.Release|Windows-AnyCPU.Deploy.0 = Release|Windows-AnyCPU
		{874C4915-9E40-4237-850F-FF3074235130}.Release|Windows-ARM.ActiveCfg = Release|Windows-ARM
		{874C4915-9E40-4237-850F-FF3074235130}.Release|Windows-ARM.Build.0 = Release|Windows-ARM
		{874C4915-9E40-4237-850F-FF3074235130}.Release|Windows-ARM.Deploy.0 = Release|Windows-ARM
		{874C4915-9E40-4237-850F-FF3074235130}.Release|Windows-x64.ActiveCfg = Release|Windows-x64
		{874C4915-9E40-4237-850F-FF3074235130}.Release|Windows-x64.Build.0 = Release|Windows-x64
		{874C4915-9E40-4237-850F-FF3074235130}.Release|Windows-x64.Deploy.0 = Release|Windows-x64
		{874C4915-9E40-4237-850F-FF3074235130}.Release|Windows-x86.ActiveCfg = Release|Windows-x86
		{874C4915-9E40-4237-850F-FF3074235130}.Release|Windows-x86.Build.0 = Release|Windows-x86
		{874C4915-9E40-4237-850F-FF3074235130}.Release|Windows-x86.Deploy.0 = Release|Windows-x86
	EndGlobalSection
	GlobalSection(SolutionProperties) = preSolution
		HideSolutionNode = FALSE
	EndGlobalSection
	GlobalSection(NestedProjects) = preSolution
		{C7A64CB8-846B-47E1-8D65-08486D6B63C7} = {74835CF2-7690-47B2-8650-16487899F0D2}
		{474AEBB1-E6EA-4384-BA61-B289EB33343C} = {2F4C61E4-B828-4BFA-B857-62DFD5629821}
		{798E5D0F-3CE2-4A9B-B53C-1D85D4E89680} = {CAADBE33-84C2-4652-8460-E9C1EBB53E4D}
		{9A495B47-356A-4AE4-9E64-AFD2330713C9} = {04BB6582-C44F-4A37-BB55-A14F0B63E2FF}
		{FB76768F-6CEC-4D23-BB73-E4832B4FDC45} = {D3033009-8EDD-4F9D-BA6A-4D94A66AC691}
		{E8DB1DE8-0E4D-4095-A8EE-8C4875AB7F45} = {2CE6E4EC-0292-4527-82DA-2843B6473D41}
		{E17DEA43-2B7F-42A2-8FD5-CB6CED9901AF} = {42987FC9-C9F9-4795-BE83-142FD7CF7082}
	EndGlobalSection
	GlobalSection(ExtensibilityGlobals) = postSolution
		SolutionGuid = {B7725445-7F42-4565-BDB8-A74BF0A98122}
	EndGlobalSection
EndGlobal
